// !$*UTF8*$!
{
	archiveVersion = 1;
	classes = {
	};
	objectVersion = 50;
	objects = {

/* Begin PBXBuildFile section */
		4E2C53CB24CE034D00024BFB /* AppDelegate.swift in Sources */ = {isa = PBXBuildFile; fileRef = 4E2C53CA24CE034D00024BFB /* AppDelegate.swift */; };
		4E2C53CD24CE034D00024BFB /* SceneDelegate.swift in Sources */ = {isa = PBXBuildFile; fileRef = 4E2C53CC24CE034D00024BFB /* SceneDelegate.swift */; };
		4E2C53CF24CE034D00024BFB /* ViewController.swift in Sources */ = {isa = PBXBuildFile; fileRef = 4E2C53CE24CE034D00024BFB /* ViewController.swift */; };
		4E2C53D224CE034D00024BFB /* Main.storyboard in Resources */ = {isa = PBXBuildFile; fileRef = 4E2C53D024CE034D00024BFB /* Main.storyboard */; };
		4E2C53D424CE034E00024BFB /* Assets.xcassets in Resources */ = {isa = PBXBuildFile; fileRef = 4E2C53D324CE034E00024BFB /* Assets.xcassets */; };
		4E2C53D724CE034E00024BFB /* LaunchScreen.storyboard in Resources */ = {isa = PBXBuildFile; fileRef = 4E2C53D524CE034E00024BFB /* LaunchScreen.storyboard */; };
		4E2C53E224CE034F00024BFB /* StringSpliterTestTests.swift in Sources */ = {isa = PBXBuildFile; fileRef = 4E2C53E124CE034F00024BFB /* StringSpliterTestTests.swift */; };
		4E2C53ED24CE04FF00024BFB /* String+Extension.swift in Sources */ = {isa = PBXBuildFile; fileRef = 4E2C53EC24CE04FF00024BFB /* String+Extension.swift */; };
/* End PBXBuildFile section */

/* Begin PBXContainerItemProxy section */
		4E2C53DE24CE034F00024BFB /* PBXContainerItemProxy */ = {
			isa = PBXContainerItemProxy;
			containerPortal = 4E2C53BF24CE034D00024BFB /* Project object */;
			proxyType = 1;
			remoteGlobalIDString = 4E2C53C624CE034D00024BFB;
			remoteInfo = StringSpliterTest;
		};
/* End PBXContainerItemProxy section */

/* Begin PBXFileReference section */
		4E2C53C724CE034D00024BFB /* StringSpliterTest.app */ = {isa = PBXFileReference; explicitFileType = wrapper.application; includeInIndex = 0; path = StringSpliterTest.app; sourceTree = BUILT_PRODUCTS_DIR; };
		4E2C53CA24CE034D00024BFB /* AppDelegate.swift */ = {isa = PBXFileReference; lastKnownFileType = sourcecode.swift; path = AppDelegate.swift; sourceTree = "<group>"; };
		4E2C53CC24CE034D00024BFB /* SceneDelegate.swift */ = {isa = PBXFileReference; lastKnownFileType = sourcecode.swift; path = SceneDelegate.swift; sourceTree = "<group>"; };
		4E2C53CE24CE034D00024BFB /* ViewController.swift */ = {isa = PBXFileReference; lastKnownFileType = sourcecode.swift; path = ViewController.swift; sourceTree = "<group>"; };
		4E2C53D124CE034D00024BFB /* Base */ = {isa = PBXFileReference; lastKnownFileType = file.storyboard; name = Base; path = Base.lproj/Main.storyboard; sourceTree = "<group>"; };
		4E2C53D324CE034E00024BFB /* Assets.xcassets */ = {isa = PBXFileReference; lastKnownFileType = folder.assetcatalog; path = Assets.xcassets; sourceTree = "<group>"; };
		4E2C53D624CE034E00024BFB /* Base */ = {isa = PBXFileReference; lastKnownFileType = file.storyboard; name = Base; path = Base.lproj/LaunchScreen.storyboard; sourceTree = "<group>"; };
		4E2C53D824CE034E00024BFB /* Info.plist */ = {isa = PBXFileReference; lastKnownFileType = text.plist.xml; path = Info.plist; sourceTree = "<group>"; };
		4E2C53DD24CE034F00024BFB /* StringSpliterTestTests.xctest */ = {isa = PBXFileReference; explicitFileType = wrapper.cfbundle; includeInIndex = 0; path = StringSpliterTestTests.xctest; sourceTree = BUILT_PRODUCTS_DIR; };
		4E2C53E124CE034F00024BFB /* StringSpliterTestTests.swift */ = {isa = PBXFileReference; lastKnownFileType = sourcecode.swift; path = StringSpliterTestTests.swift; sourceTree = "<group>"; };
		4E2C53E324CE034F00024BFB /* Info.plist */ = {isa = PBXFileReference; lastKnownFileType = text.plist.xml; path = Info.plist; sourceTree = "<group>"; };
		4E2C53EC24CE04FF00024BFB /* String+Extension.swift */ = {isa = PBXFileReference; lastKnownFileType = sourcecode.swift; path = "String+Extension.swift"; sourceTree = "<group>"; };
/* End PBXFileReference section */

/* Begin PBXFrameworksBuildPhase section */
		4E2C53C424CE034D00024BFB /* Frameworks */ = {
			isa = PBXFrameworksBuildPhase;
			buildActionMask = 2147483647;
			files = (
			);
			runOnlyForDeploymentPostprocessing = 0;
		};
		4E2C53DA24CE034F00024BFB /* Frameworks */ = {
			isa = PBXFrameworksBuildPhase;
			buildActionMask = 2147483647;
			files = (
			);
			runOnlyForDeploymentPostprocessing = 0;
		};
/* End PBXFrameworksBuildPhase section */

/* Begin PBXGroup section */
		4E2C53BE24CE034D00024BFB = {
			isa = PBXGroup;
			children = (
				4E2C53C924CE034D00024BFB /* StringSpliterTest */,
				4E2C53E024CE034F00024BFB /* StringSpliterTestTests */,
				4E2C53C824CE034D00024BFB /* Products */,
			);
			sourceTree = "<group>";
		};
		4E2C53C824CE034D00024BFB /* Products */ = {
			isa = PBXGroup;
			children = (
				4E2C53C724CE034D00024BFB /* StringSpliterTest.app */,
				4E2C53DD24CE034F00024BFB /* StringSpliterTestTests.xctest */,
			);
			name = Products;
			sourceTree = "<group>";
		};
		4E2C53C924CE034D00024BFB /* StringSpliterTest */ = {
			isa = PBXGroup;
			children = (
				4E2C53CA24CE034D00024BFB /* AppDelegate.swift */,
				4E2C53CC24CE034D00024BFB /* SceneDelegate.swift */,
				4E2C53CE24CE034D00024BFB /* ViewController.swift */,
				4E2C53D024CE034D00024BFB /* Main.storyboard */,
				4E2C53D324CE034E00024BFB /* Assets.xcassets */,
				4E2C53D524CE034E00024BFB /* LaunchScreen.storyboard */,
				4E2C53D824CE034E00024BFB /* Info.plist */,
				4E2C53EC24CE04FF00024BFB /* String+Extension.swift */,
			);
			path = StringSpliterTest;
			sourceTree = "<group>";
		};
		4E2C53E024CE034F00024BFB /* StringSpliterTestTests */ = {
			isa = PBXGroup;
			children = (
				4E2C53E124CE034F00024BFB /* StringSpliterTestTests.swift */,
				4E2C53E324CE034F00024BFB /* Info.plist */,
			);
			path = StringSpliterTestTests;
			sourceTree = "<group>";
		};
/* End PBXGroup section */

/* Begin PBXNativeTarget section */
		4E2C53C624CE034D00024BFB /* StringSpliterTest */ = {
			isa = PBXNativeTarget;
			buildConfigurationList = 4E2C53E624CE034F00024BFB /* Build configuration list for PBXNativeTarget "StringSpliterTest" */;
			buildPhases = (
				4E2C53C324CE034D00024BFB /* Sources */,
				4E2C53C424CE034D00024BFB /* Frameworks */,
				4E2C53C524CE034D00024BFB /* Resources */,
			);
			buildRules = (
			);
			dependencies = (
			);
			name = StringSpliterTest;
			productName = StringSpliterTest;
			productReference = 4E2C53C724CE034D00024BFB /* StringSpliterTest.app */;
			productType = "com.apple.product-type.application";
		};
		4E2C53DC24CE034F00024BFB /* StringSpliterTestTests */ = {
			isa = PBXNativeTarget;
			buildConfigurationList = 4E2C53E924CE034F00024BFB /* Build configuration list for PBXNativeTarget "StringSpliterTestTests" */;
			buildPhases = (
				4E2C53D924CE034F00024BFB /* Sources */,
				4E2C53DA24CE034F00024BFB /* Frameworks */,
				4E2C53DB24CE034F00024BFB /* Resources */,
			);
			buildRules = (
			);
			dependencies = (
				4E2C53DF24CE034F00024BFB /* PBXTargetDependency */,
			);
			name = StringSpliterTestTests;
			productName = StringSpliterTestTests;
			productReference = 4E2C53DD24CE034F00024BFB /* StringSpliterTestTests.xctest */;
			productType = "com.apple.product-type.bundle.unit-test";
		};
/* End PBXNativeTarget section */

/* Begin PBXProject section */
		4E2C53BF24CE034D00024BFB /* Project object */ = {
			isa = PBXProject;
			attributes = {
				LastSwiftUpdateCheck = 1130;
				LastUpgradeCheck = 1130;
				ORGANIZATIONNAME = "Kazi Abdullah Al Mamun";
				TargetAttributes = {
					4E2C53C624CE034D00024BFB = {
						CreatedOnToolsVersion = 11.3;
					};
					4E2C53DC24CE034F00024BFB = {
						CreatedOnToolsVersion = 11.3;
						TestTargetID = 4E2C53C624CE034D00024BFB;
					};
				};
			};
			buildConfigurationList = 4E2C53C224CE034D00024BFB /* Build configuration list for PBXProject "StringSpliterTest" */;
			compatibilityVersion = "Xcode 9.3";
			developmentRegion = en;
			hasScannedForEncodings = 0;
			knownRegions = (
				en,
				Base,
			);
			mainGroup = 4E2C53BE24CE034D00024BFB;
			productRefGroup = 4E2C53C824CE034D00024BFB /* Products */;
			projectDirPath = "";
			projectRoot = "";
			targets = (
				4E2C53C624CE034D00024BFB /* StringSpliterTest */,
				4E2C53DC24CE034F00024BFB /* StringSpliterTestTests */,
			);
		};
/* End PBXProject section */

/* Begin PBXResourcesBuildPhase section */
		4E2C53C524CE034D00024BFB /* Resources */ = {
			isa = PBXResourcesBuildPhase;
			buildActionMask = 2147483647;
			files = (
				4E2C53D724CE034E00024BFB /* LaunchScreen.storyboard in Resources */,
				4E2C53D424CE034E00024BFB /* Assets.xcassets in Resources */,
				4E2C53D224CE034D00024BFB /* Main.storyboard in Resources */,
			);
			runOnlyForDeploymentPostprocessing = 0;
		};
		4E2C53DB24CE034F00024BFB /* Resources */ = {
			isa = PBXResourcesBuildPhase;
			buildActionMask = 2147483647;
			files = (
			);
			runOnlyForDeploymentPostprocessing = 0;
		};
/* End PBXResourcesBuildPhase section */

/* Begin PBXSourcesBuildPhase section */
		4E2C53C324CE034D00024BFB /* Sources */ = {
			isa = PBXSourcesBuildPhase;
			buildActionMask = 2147483647;
			files = (
				4E2C53ED24CE04FF00024BFB /* String+Extension.swift in Sources */,
				4E2C53CF24CE034D00024BFB /* ViewController.swift in Sources */,
				4E2C53CB24CE034D00024BFB /* AppDelegate.swift in Sources */,
				4E2C53CD24CE034D00024BFB /* SceneDelegate.swift in Sources */,
			);
			runOnlyForDeploymentPostprocessing = 0;
		};
		4E2C53D924CE034F00024BFB /* Sources */ = {
			isa = PBXSourcesBuildPhase;
			buildActionMask = 2147483647;
			files = (
				4E2C53E224CE034F00024BFB /* StringSpliterTestTests.swift in Sources */,
			);
			runOnlyForDeploymentPostprocessing = 0;
		};
/* End PBXSourcesBuildPhase section */

/* Begin PBXTargetDependency section */
		4E2C53DF24CE034F00024BFB /* PBXTargetDependency */ = {
			isa = PBXTargetDependency;
			target = 4E2C53C624CE034D00024BFB /* StringSpliterTest */;
			targetProxy = 4E2C53DE24CE034F00024BFB /* PBXContainerItemProxy */;
		};
/* End PBXTargetDependency section */

/* Begin PBXVariantGroup section */
		4E2C53D024CE034D00024BFB /* Main.storyboard */ = {
			isa = PBXVariantGroup;
			children = (
				4E2C53D124CE034D00024BFB /* Base */,
			);
			name = Main.storyboard;
			sourceTree = "<group>";
		};
		4E2C53D524CE034E00024BFB /* LaunchScreen.storyboard */ = {
			isa = PBXVariantGroup;
			children = (
				4E2C53D624CE034E00024BFB /* Base */,
			);
			name = LaunchScreen.storyboard;
			sourceTree = "<group>";
		};
/* End PBXVariantGroup section */

/* Begin XCBuildConfiguration section */
		4E2C53E424CE034F00024BFB /* Debug */ = {
			isa = XCBuildConfiguration;
			buildSettings = {
				ALWAYS_SEARCH_USER_PATHS = NO;
				CLANG_ANALYZER_NONNULL = YES;
				CLANG_ANALYZER_NUMBER_OBJECT_CONVERSION = YES_AGGRESSIVE;
				CLANG_CXX_LANGUAGE_STANDARD = "gnu++14";
				CLANG_CXX_LIBRARY = "libc++";
				CLANG_ENABLE_MODULES = YES;
				CLANG_ENABLE_OBJC_ARC = YES;
				CLANG_ENABLE_OBJC_WEAK = YES;
				CLANG_WARN_BLOCK_CAPTURE_AUTORELEASING = YES;
				CLANG_WARN_BOOL_CONVERSION = YES;
				CLANG_WARN_COMMA = YES;
				CLANG_WARN_CONSTANT_CONVERSION = YES;
				CLANG_WARN_DEPRECATED_OBJC_IMPLEMENTATIONS = YES;
				CLANG_WARN_DIRECT_OBJC_ISA_USAGE = YES_ERROR;
				CLANG_WARN_DOCUMENTATION_COMMENTS = YES;
				CLANG_WARN_EMPTY_BODY = YES;
				CLANG_WARN_ENUM_CONVERSION = YES;
				CLANG_WARN_INFINITE_RECURSION = YES;
				CLANG_WARN_INT_CONVERSION = YES;
				CLANG_WARN_NON_LITERAL_NULL_CONVERSION = YES;
				CLANG_WARN_OBJC_IMPLICIT_RETAIN_SELF = YES;
				CLANG_WARN_OBJC_LITERAL_CONVERSION = YES;
				CLANG_WARN_OBJC_ROOT_CLASS = YES_ERROR;
				CLANG_WARN_RANGE_LOOP_ANALYSIS = YES;
				CLANG_WARN_STRICT_PROTOTYPES = YES;
				CLANG_WARN_SUSPICIOUS_MOVE = YES;
				CLANG_WARN_UNGUARDED_AVAILABILITY = YES_AGGRESSIVE;
				CLANG_WARN_UNREACHABLE_CODE = YES;
				CLANG_WARN__DUPLICATE_METHOD_MATCH = YES;
				COPY_PHASE_STRIP = NO;
				DEBUG_INFORMATION_FORMAT = dwarf;
				ENABLE_STRICT_OBJC_MSGSEND = YES;
				ENABLE_TESTABILITY = YES;
				GCC_C_LANGUAGE_STANDARD = gnu11;
				GCC_DYNAMIC_NO_PIC = NO;
				GCC_NO_COMMON_BLOCKS = YES;
				GCC_OPTIMIZATION_LEVEL = 0;
				GCC_PREPROCESSOR_DEFINITIONS = (
					"DEBUG=1",
					"$(inherited)",
				);
				GCC_WARN_64_TO_32_BIT_CONVERSION = YES;
				GCC_WARN_ABOUT_RETURN_TYPE = YES_ERROR;
				GCC_WARN_UNDECLARED_SELECTOR = YES;
				GCC_WARN_UNINITIALIZED_AUTOS = YES_AGGRESSIVE;
				GCC_WARN_UNUSED_FUNCTION = YES;
				GCC_WARN_UNUSED_VARIABLE = YES;
				IPHONEOS_DEPLOYMENT_TARGET = 13.2;
				MTL_ENABLE_DEBUG_INFO = INCLUDE_SOURCE;
				MTL_FAST_MATH = YES;
				ONLY_ACTIVE_ARCH = YES;
				SDKROOT = iphoneos;
				SWIFT_ACTIVE_COMPILATION_CONDITIONS = DEBUG;
				SWIFT_OPTIMIZATION_LEVEL = "-Onone";
			};
			name = Debug;
		};
		4E2C53E524CE034F00024BFB /* Release */ = {
			isa = XCBuildConfiguration;
			buildSettings = {
				ALWAYS_SEARCH_USER_PATHS = NO;
				CLANG_ANALYZER_NONNULL = YES;
				CLANG_ANALYZER_NUMBER_OBJECT_CONVERSION = YES_AGGRESSIVE;
				CLANG_CXX_LANGUAGE_STANDARD = "gnu++14";
				CLANG_CXX_LIBRARY = "libc++";
				CLANG_ENABLE_MODULES = YES;
				CLANG_ENABLE_OBJC_ARC = YES;
				CLANG_ENABLE_OBJC_WEAK = YES;
				CLANG_WARN_BLOCK_CAPTURE_AUTORELEASING = YES;
				CLANG_WARN_BOOL_CONVERSION = YES;
				CLANG_WARN_COMMA = YES;
				CLANG_WARN_CONSTANT_CONVERSION = YES;
				CLANG_WARN_DEPRECATED_OBJC_IMPLEMENTATIONS = YES;
				CLANG_WARN_DIRECT_OBJC_ISA_USAGE = YES_ERROR;
				CLANG_WARN_DOCUMENTATION_COMMENTS = YES;
				CLANG_WARN_EMPTY_BODY = YES;
				CLANG_WARN_ENUM_CONVERSION = YES;
				CLANG_WARN_INFINITE_RECURSION = YES;
				CLANG_WARN_INT_CONVERSION = YES;
				CLANG_WARN_NON_LITERAL_NULL_CONVERSION = YES;
				CLANG_WARN_OBJC_IMPLICIT_RETAIN_SELF = YES;
				CLANG_WARN_OBJC_LITERAL_CONVERSION = YES;
				CLANG_WARN_OBJC_ROOT_CLASS = YES_ERROR;
				CLANG_WARN_RANGE_LOOP_ANALYSIS = YES;
				CLANG_WARN_STRICT_PROTOTYPES = YES;
				CLANG_WARN_SUSPICIOUS_MOVE = YES;
				CLANG_WARN_UNGUARDED_AVAILABILITY = YES_AGGRESSIVE;
				CLANG_WARN_UNREACHABLE_CODE = YES;
				CLANG_WARN__DUPLICATE_METHOD_MATCH = YES;
				COPY_PHASE_STRIP = NO;
				DEBUG_INFORMATION_FORMAT = "dwarf-with-dsym";
				ENABLE_NS_ASSERTIONS = NO;
				ENABLE_STRICT_OBJC_MSGSEND = YES;
				GCC_C_LANGUAGE_STANDARD = gnu11;
				GCC_NO_COMMON_BLOCKS = YES;
				GCC_WARN_64_TO_32_BIT_CONVERSION = YES;
				GCC_WARN_ABOUT_RETURN_TYPE = YES_ERROR;
				GCC_WARN_UNDECLARED_SELECTOR = YES;
				GCC_WARN_UNINITIALIZED_AUTOS = YES_AGGRESSIVE;
				GCC_WARN_UNUSED_FUNCTION = YES;
				GCC_WARN_UNUSED_VARIABLE = YES;
				IPHONEOS_DEPLOYMENT_TARGET = 13.2;
				MTL_ENABLE_DEBUG_INFO = NO;
				MTL_FAST_MATH = YES;
				SDKROOT = iphoneos;
				SWIFT_COMPILATION_MODE = wholemodule;
				SWIFT_OPTIMIZATION_LEVEL = "-O";
				VALIDATE_PRODUCT = YES;
			};
			name = Release;
		};
		4E2C53E724CE034F00024BFB /* Debug */ = {
			isa = XCBuildConfiguration;
			buildSettings = {
				ASSETCATALOG_COMPILER_APPICON_NAME = AppIcon;
				CODE_SIGN_STYLE = Automatic;
				INFOPLIST_FILE = StringSpliterTest/Info.plist;
				LD_RUNPATH_SEARCH_PATHS = (
					"$(inherited)",
					"@executable_path/Frameworks",
				);
				PRODUCT_BUNDLE_IDENTIFIER = com.kazi.StringSpliterTest;
				PRODUCT_NAME = "$(TARGET_NAME)";
				SWIFT_VERSION = 5.0;
				TARGETED_DEVICE_FAMILY = "1,2";
			};
			name = Debug;
		};
		4E2C53E824CE034F00024BFB /* Release */ = {
			isa = XCBuildConfiguration;
			buildSettings = {
				ASSETCATALOG_COMPILER_APPICON_NAME = AppIcon;
				CODE_SIGN_STYLE = Automatic;
				INFOPLIST_FILE = StringSpliterTest/Info.plist;
				LD_RUNPATH_SEARCH_PATHS = (
					"$(inherited)",
					"@executable_path/Frameworks",
				);
				PRODUCT_BUNDLE_IDENTIFIER = com.kazi.StringSpliterTest;
				PRODUCT_NAME = "$(TARGET_NAME)";
				SWIFT_VERSION = 5.0;
				TARGETED_DEVICE_FAMILY = "1,2";
			};
			name = Release;
		};
		4E2C53EA24CE034F00024BFB /* Debug */ = {
			isa = XCBuildConfiguration;
			buildSettings = {
				ALWAYS_EMBED_SWIFT_STANDARD_LIBRARIES = YES;
				BUNDLE_LOADER = "$(TEST_HOST)";
				CODE_SIGN_STYLE = Automatic;
				INFOPLIST_FILE = StringSpliterTestTests/Info.plist;
				IPHONEOS_DEPLOYMENT_TARGET = 13.2;
				LD_RUNPATH_SEARCH_PATHS = (
					"$(inherited)",
					"@executable_path/Frameworks",
					"@loader_path/Frameworks",
				);
				PRODUCT_BUNDLE_IDENTIFIER = com.kazi.StringSpliterTestTests;
				PRODUCT_NAME = "$(TARGET_NAME)";
				SWIFT_VERSION = 5.0;
				TARGETED_DEVICE_FAMILY = "1,2";
				TEST_HOST = "$(BUILT_PRODUCTS_DIR)/StringSpliterTest.app/StringSpliterTest";
			};
			name = Debug;
		};
		4E2C53EB24CE034F00024BFB /* Release */ = {
			isa = XCBuildConfiguration;
			buildSettings = {
				ALWAYS_EMBED_SWIFT_STANDARD_LIBRARIES = YES;
				BUNDLE_LOADER = "$(TEST_HOST)";
				CODE_SIGN_STYLE = Automatic;
				INFOPLIST_FILE = StringSpliterTestTests/Info.plist;
				IPHONEOS_DEPLOYMENT_TARGET = 13.2;
				LD_RUNPATH_SEARCH_PATHS = (
					"$(inherited)",
					"@executable_path/Frameworks",
					"@loader_path/Frameworks",
				);
				PRODUCT_BUNDLE_IDENTIFIER = com.kazi.StringSpliterTestTests;
				PRODUCT_NAME = "$(TARGET_NAME)";
				SWIFT_VERSION = 5.0;
				TARGETED_DEVICE_FAMILY = "1,2";
				TEST_HOST = "$(BUILT_PRODUCTS_DIR)/StringSpliterTest.app/StringSpliterTest";
			};
			name = Release;
		};
/* End XCBuildConfiguration section */

/* Begin XCConfigurationList section */
		4E2C53C224CE034D00024BFB /* Build configuration list for PBXProject "StringSpliterTest" */ = {
			isa = XCConfigurationList;
			buildConfigurations = (
				4E2C53E424CE034F00024BFB /* Debug */,
				4E2C53E524CE034F00024BFB /* Release */,
			);
			defaultConfigurationIsVisible = 0;
			defaultConfigurationName = Release;
		};
		4E2C53E624CE034F00024BFB /* Build configuration list for PBXNativeTarget "StringSpliterTest" */ = {
			isa = XCConfigurationList;
			buildConfigurations = (
				4E2C53E724CE034F00024BFB /* Debug */,
				4E2C53E824CE034F00024BFB /* Release */,
			);
			defaultConfigurationIsVisible = 0;
			defaultConfigurationName = Release;
		};
		4E2C53E924CE034F00024BFB /* Build configuration list for PBXNativeTarget "StringSpliterTestTests" */ = {
			isa = XCConfigurationList;
			buildConfigurations = (
				4E2C53EA24CE034F00024BFB /* Debug */,
				4E2C53EB24CE034F00024BFB /* Release */,
			);
			defaultConfigurationIsVisible = 0;
			defaultConfigurationName = Release;
		};
/* End XCConfigurationList section */
	};
	rootObject = 4E2C53BF24CE034D00024BFB /* Project object */;
}
